
Microsoft Visual Studio Solution File, Format Version 12.00
# Visual Studio Version 16
VisualStudioVersion = 16.0.29609.76
MinimumVisualStudioVersion = 10.0.40219.1
Project("{2150E333-8FDC-42A3-9474-1A3956D46DE8}") = "Demo01", "Demo01", "{4C93D3D5-0734-4BB8-BA42-35981CCF9815}"
EndProject
Project("{FAE04EC0-301F-11D3-BF4B-00C04F79EFBC}") = "GyutanRpc", "GyutanRpc\GyutanRpc.csproj", "{372436A4-90ED-4C3C-A98A-8E2B583B186E}"
EndProject
Project("{FAE04EC0-301F-11D3-BF4B-00C04F79EFBC}") = "GyutanRpc.ClientLib", "GyutanRpc.ClientLib\GyutanRpc.ClientLib.csproj", "{6EC16DD3-0339-479D-BFFD-DA5D5FBA9C07}"
EndProject
Project("{FAE04EC0-301F-11D3-BF4B-00C04F79EFBC}") = "GyutanRpc.Wpf", "GyutanRpc.Wpf\GyutanRpc.Wpf.csproj", "{700DFCC2-A262-42D0-AE88-00663F19C72B}"
EndProject
Project("{2150E333-8FDC-42A3-9474-1A3956D46DE8}") = "Demo02", "Demo02", "{3FFFC43A-2563-4A2B-AB5B-A3E12DDB930F}"
EndProject
Project("{FAE04EC0-301F-11D3-BF4B-00C04F79EFBC}") = "XamlIslandsApp", "XamlIslandsApp\XamlIslandsApp.csproj", "{B00C6A66-0240-400B-B571-64F96251F6F9}"
EndProject
Project("{2150E333-8FDC-42A3-9474-1A3956D46DE8}") = "Demo03", "Demo03", "{7AD9F1CC-408D-4958-8424-DC6FF1FA839B}"
EndProject
Project("{FAE04EC0-301F-11D3-BF4B-00C04F79EFBC}") = "MSIXApp", "MSIXApp\MSIXApp.csproj", "{274CE02E-8EA5-4127-A267-876CB68109E0}"
EndProject
Project("{C7167F0D-BC9F-4E6E-AFE1-012C56B48DB5}") = "MSIXApp.Package", "MSIXApp.Package\MSIXApp.Package.wapproj", "{514150A8-BA57-4338-B8CD-7E799B677C3E}"
EndProject
Global
	GlobalSection(SolutionConfigurationPlatforms) = preSolution
		Debug|Any CPU = Debug|Any CPU
		Debug|ARM = Debug|ARM
		Debug|ARM64 = Debug|ARM64
		Debug|x64 = Debug|x64
		Debug|x86 = Debug|x86
		Release|Any CPU = Release|Any CPU
		Release|ARM = Release|ARM
		Release|ARM64 = Release|ARM64
		Release|x64 = Release|x64
		Release|x86 = Release|x86
	EndGlobalSection
	GlobalSection(ProjectConfigurationPlatforms) = postSolution
		{372436A4-90ED-4C3C-A98A-8E2B583B186E}.Debug|Any CPU.ActiveCfg = Debug|Any CPU
		{372436A4-90ED-4C3C-A98A-8E2B583B186E}.Debug|Any CPU.Build.0 = Debug|Any CPU
		{372436A4-90ED-4C3C-A98A-8E2B583B186E}.Debug|ARM.ActiveCfg = Debug|Any CPU
		{372436A4-90ED-4C3C-A98A-8E2B583B186E}.Debug|ARM.Build.0 = Debug|Any CPU
		{372436A4-90ED-4C3C-A98A-8E2B583B186E}.Debug|ARM64.ActiveCfg = Debug|Any CPU
		{372436A4-90ED-4C3C-A98A-8E2B583B186E}.Debug|ARM64.Build.0 = Debug|Any CPU
		{372436A4-90ED-4C3C-A98A-8E2B583B186E}.Debug|x64.ActiveCfg = Debug|x64
		{372436A4-90ED-4C3C-A98A-8E2B583B186E}.Debug|x64.Build.0 = Debug|x64
		{372436A4-90ED-4C3C-A98A-8E2B583B186E}.Debug|x86.ActiveCfg = Debug|x86
		{372436A4-90ED-4C3C-A98A-8E2B583B186E}.Debug|x86.Build.0 = Debug|x86
		{372436A4-90ED-4C3C-A98A-8E2B583B186E}.Release|Any CPU.ActiveCfg = Release|Any CPU
		{372436A4-90ED-4C3C-A98A-8E2B583B186E}.Release|Any CPU.Build.0 = Release|Any CPU
		{372436A4-90ED-4C3C-A98A-8E2B583B186E}.Release|ARM.ActiveCfg = Release|Any CPU
		{372436A4-90ED-4C3C-A98A-8E2B583B186E}.Release|ARM.Build.0 = Release|Any CPU
		{372436A4-90ED-4C3C-A98A-8E2B583B186E}.Release|ARM64.ActiveCfg = Release|Any CPU
		{372436A4-90ED-4C3C-A98A-8E2B583B186E}.Release|ARM64.Build.0 = Release|Any CPU
		{372436A4-90ED-4C3C-A98A-8E2B583B186E}.Release|x64.ActiveCfg = Release|x64
		{372436A4-90ED-4C3C-A98A-8E2B583B186E}.Release|x64.Build.0 = Release|x64
		{372436A4-90ED-4C3C-A98A-8E2B583B186E}.Release|x86.ActiveCfg = Release|x86
		{372436A4-90ED-4C3C-A98A-8E2B583B186E}.Release|x86.Build.0 = Release|x86
		{6EC16DD3-0339-479D-BFFD-DA5D5FBA9C07}.Debug|Any CPU.ActiveCfg = Debug|Any CPU
		{6EC16DD3-0339-479D-BFFD-DA5D5FBA9C07}.Debug|Any CPU.Build.0 = Debug|Any CPU
		{6EC16DD3-0339-479D-BFFD-DA5D5FBA9C07}.Debug|ARM.ActiveCfg = Debug|Any CPU
		{6EC16DD3-0339-479D-BFFD-DA5D5FBA9C07}.Debug|ARM.Build.0 = Debug|Any CPU
		{6EC16DD3-0339-479D-BFFD-DA5D5FBA9C07}.Debug|ARM64.ActiveCfg = Debug|Any CPU
		{6EC16DD3-0339-479D-BFFD-DA5D5FBA9C07}.Debug|ARM64.Build.0 = Debug|Any CPU
		{6EC16DD3-0339-479D-BFFD-DA5D5FBA9C07}.Debug|x64.ActiveCfg = Debug|x64
		{6EC16DD3-0339-479D-BFFD-DA5D5FBA9C07}.Debug|x64.Build.0 = Debug|x64
		{6EC16DD3-0339-479D-BFFD-DA5D5FBA9C07}.Debug|x86.ActiveCfg = Debug|x86
		{6EC16DD3-0339-479D-BFFD-DA5D5FBA9C07}.Debug|x86.Build.0 = Debug|x86
		{6EC16DD3-0339-479D-BFFD-DA5D5FBA9C07}.Release|Any CPU.ActiveCfg = Release|Any CPU
		{6EC16DD3-0339-479D-BFFD-DA5D5FBA9C07}.Release|Any CPU.Build.0 = Release|Any CPU
		{6EC16DD3-0339-479D-BFFD-DA5D5FBA9C07}.Release|ARM.ActiveCfg = Release|Any CPU
		{6EC16DD3-0339-479D-BFFD-DA5D5FBA9C07}.Release|ARM.Build.0 = Release|Any CPU
		{6EC16DD3-0339-479D-BFFD-DA5D5FBA9C07}.Release|ARM64.ActiveCfg = Release|Any CPU
		{6EC16DD3-0339-479D-BFFD-DA5D5FBA9C07}.Release|ARM64.Build.0 = Release|Any CPU
		{6EC16DD3-0339-479D-BFFD-DA5D5FBA9C07}.Release|x64.ActiveCfg = Release|x64
		{6EC16DD3-0339-479D-BFFD-DA5D5FBA9C07}.Release|x64.Build.0 = Release|x64
		{6EC16DD3-0339-479D-BFFD-DA5D5FBA9C07}.Release|x86.ActiveCfg = Release|x86
		{6EC16DD3-0339-479D-BFFD-DA5D5FBA9C07}.Release|x86.Build.0 = Release|x86
		{700DFCC2-A262-42D0-AE88-00663F19C72B}.Debug|Any CPU.ActiveCfg = Debug|Any CPU
		{700DFCC2-A262-42D0-AE88-00663F19C72B}.Debug|Any CPU.Build.0 = Debug|Any CPU
		{700DFCC2-A262-42D0-AE88-00663F19C72B}.Debug|ARM.ActiveCfg = Debug|Any CPU
		{700DFCC2-A262-42D0-AE88-00663F19C72B}.Debug|ARM.Build.0 = Debug|Any CPU
		{700DFCC2-A262-42D0-AE88-00663F19C72B}.Debug|ARM64.ActiveCfg = Debug|Any CPU
		{700DFCC2-A262-42D0-AE88-00663F19C72B}.Debug|ARM64.Build.0 = Debug|Any CPU
		{700DFCC2-A262-42D0-AE88-00663F19C72B}.Debug|x64.ActiveCfg = Debug|x64
		{700DFCC2-A262-42D0-AE88-00663F19C72B}.Debug|x64.Build.0 = Debug|x64
		{700DFCC2-A262-42D0-AE88-00663F19C72B}.Debug|x86.ActiveCfg = Debug|x86
		{700DFCC2-A262-42D0-AE88-00663F19C72B}.Debug|x86.Build.0 = Debug|x86
		{700DFCC2-A262-42D0-AE88-00663F19C72B}.Release|Any CPU.ActiveCfg = Release|Any CPU
		{700DFCC2-A262-42D0-AE88-00663F19C72B}.Release|Any CPU.Build.0 = Release|Any CPU
		{700DFCC2-A262-42D0-AE88-00663F19C72B}.Release|ARM.ActiveCfg = Release|Any CPU
		{700DFCC2-A262-42D0-AE88-00663F19C72B}.Release|ARM.Build.0 = Release|Any CPU
		{700DFCC2-A262-42D0-AE88-00663F19C72B}.Release|ARM64.ActiveCfg = Release|Any CPU
		{700DFCC2-A262-42D0-AE88-00663F19C72B}.Release|ARM64.Build.0 = Release|Any CPU
		{700DFCC2-A262-42D0-AE88-00663F19C72B}.Release|x64.ActiveCfg = Release|x64
		{700DFCC2-A262-42D0-AE88-00663F19C72B}.Release|x64.Build.0 = Release|x64
		{700DFCC2-A262-42D0-AE88-00663F19C72B}.Release|x86.ActiveCfg = Release|x86
		{700DFCC2-A262-42D0-AE88-00663F19C72B}.Release|x86.Build.0 = Release|x86
		{B00C6A66-0240-400B-B571-64F96251F6F9}.Debug|Any CPU.ActiveCfg = Debug|x86
		{B00C6A66-0240-400B-B571-64F96251F6F9}.Debug|ARM.ActiveCfg = Debug|x86
		{B00C6A66-0240-400B-B571-64F96251F6F9}.Debug|ARM64.ActiveCfg = Debug|x86
		{B00C6A66-0240-400B-B571-64F96251F6F9}.Debug|x64.ActiveCfg = Debug|x64
		{B00C6A66-0240-400B-B571-64F96251F6F9}.Debug|x64.Build.0 = Debug|x64
		{B00C6A66-0240-400B-B571-64F96251F6F9}.Debug|x86.ActiveCfg = Debug|x86
		{B00C6A66-0240-400B-B571-64F96251F6F9}.Debug|x86.Build.0 = Debug|x86
		{B00C6A66-0240-400B-B571-64F96251F6F9}.Release|Any CPU.ActiveCfg = Release|x86
		{B00C6A66-0240-400B-B571-64F96251F6F9}.Release|ARM.ActiveCfg = Release|x86
		{B00C6A66-0240-400B-B571-64F96251F6F9}.Release|ARM64.ActiveCfg = Release|x86
		{B00C6A66-0240-400B-B571-64F96251F6F9}.Release|x64.ActiveCfg = Release|x64
		{B00C6A66-0240-400B-B571-64F96251F6F9}.Release|x86.ActiveCfg = Release|x86
		{274CE02E-8EA5-4127-A267-876CB68109E0}.Debug|Any CPU.ActiveCfg = Debug|x86
		{274CE02E-8EA5-4127-A267-876CB68109E0}.Debug|ARM.ActiveCfg = Debug|x86
		{274CE02E-8EA5-4127-A267-876CB68109E0}.Debug|ARM64.ActiveCfg = Debug|x86
		{274CE02E-8EA5-4127-A267-876CB68109E0}.Debug|x64.ActiveCfg = Debug|x64
		{274CE02E-8EA5-4127-A267-876CB68109E0}.Debug|x64.Build.0 = Debug|x64
		{274CE02E-8EA5-4127-A267-876CB68109E0}.Debug|x86.ActiveCfg = Debug|x86
		{274CE02E-8EA5-4127-A267-876CB68109E0}.Debug|x86.Build.0 = Debug|x86
		{274CE02E-8EA5-4127-A267-876CB68109E0}.Release|Any CPU.ActiveCfg = Release|x86
		{274CE02E-8EA5-4127-A267-876CB68109E0}.Release|ARM.ActiveCfg = Release|x86
		{274CE02E-8EA5-4127-A267-876CB68109E0}.Release|ARM64.ActiveCfg = Release|x86
		{274CE02E-8EA5-4127-A267-876CB68109E0}.Release|x64.ActiveCfg = Release|x64
		{274CE02E-8EA5-4127-A267-876CB68109E0}.Release|x64.Build.0 = Release|x64
		{274CE02E-8EA5-4127-A267-876CB68109E0}.Release|x86.ActiveCfg = Release|x86
		{274CE02E-8EA5-4127-A267-876CB68109E0}.Release|x86.Build.0 = Release|x86
		{514150A8-BA57-4338-B8CD-7E799B677C3E}.Debug|Any CPU.ActiveCfg = Debug|Any CPU
		{514150A8-BA57-4338-B8CD-7E799B677C3E}.Debug|Any CPU.Build.0 = Debug|Any CPU
		{514150A8-BA57-4338-B8CD-7E799B677C3E}.Debug|Any CPU.Deploy.0 = Debug|Any CPU
		{514150A8-BA57-4338-B8CD-7E799B677C3E}.Debug|ARM.ActiveCfg = Debug|ARM
		{514150A8-BA57-4338-B8CD-7E799B677C3E}.Debug|ARM.Build.0 = Debug|ARM
		{514150A8-BA57-4338-B8CD-7E799B677C3E}.Debug|ARM.Deploy.0 = Debug|ARM
		{514150A8-BA57-4338-B8CD-7E799B677C3E}.Debug|ARM64.ActiveCfg = Debug|ARM64
		{514150A8-BA57-4338-B8CD-7E799B677C3E}.Debug|ARM64.Build.0 = Debug|ARM64
		{514150A8-BA57-4338-B8CD-7E799B677C3E}.Debug|ARM64.Deploy.0 = Debug|ARM64
		{514150A8-BA57-4338-B8CD-7E799B677C3E}.Debug|x64.ActiveCfg = Debug|x64
		{514150A8-BA57-4338-B8CD-7E799B677C3E}.Debug|x64.Build.0 = Debug|x64
		{514150A8-BA57-4338-B8CD-7E799B677C3E}.Debug|x64.Deploy.0 = Debug|x64
		{514150A8-BA57-4338-B8CD-7E799B677C3E}.Debug|x86.ActiveCfg = Debug|x86
		{514150A8-BA57-4338-B8CD-7E799B677C3E}.Debug|x86.Build.0 = Debug|x86
		{514150A8-BA57-4338-B8CD-7E799B677C3E}.Debug|x86.Deploy.0 = Debug|x86
		{514150A8-BA57-4338-B8CD-7E799B677C3E}.Release|Any CPU.ActiveCfg = Release|Any CPU
		{514150A8-BA57-4338-B8CD-7E799B677C3E}.Release|Any CPU.Build.0 = Release|Any CPU
		{514150A8-BA57-4338-B8CD-7E799B677C3E}.Release|Any CPU.Deploy.0 = Release|Any CPU
		{514150A8-BA57-4338-B8CD-7E799B677C3E}.Release|ARM.ActiveCfg = Release|ARM
		{514150A8-BA57-4338-B8CD-7E799B677C3E}.Release|ARM.Build.0 = Release|ARM
		{514150A8-BA57-4338-B8CD-7E799B677C3E}.Release|ARM.Deploy.0 = Release|ARM
		{514150A8-BA57-4338-B8CD-7E799B677C3E}.Release|ARM64.ActiveCfg = Release|ARM64
		{514150A8-BA57-4338-B8CD-7E799B677C3E}.Release|ARM64.Build.0 = Release|ARM64
		{514150A8-BA57-4338-B8CD-7E799B677C3E}.Release|ARM64.Deploy.0 = Release|ARM64
		{514150A8-BA57-4338-B8CD-7E799B677C3E}.Release|x64.ActiveCfg = Release|x64
		{514150A8-BA57-4338-B8CD-7E799B677C3E}.Release|x64.Build.0 = Release|x64
		{514150A8-BA57-4338-B8CD-7E799B677C3E}.Release|x64.Deploy.0 = Release|x64
		{514150A8-BA57-4338-B8CD-7E799B677C3E}.Release|x86.ActiveCfg = Release|x86
		{514150A8-BA57-4338-B8CD-7E799B677C3E}.Release|x86.Build.0 = Release|x86
		{514150A8-BA57-4338-B8CD-7E799B677C3E}.Release|x86.Deploy.0 = Release|x86
	EndGlobalSection
	GlobalSection(SolutionProperties) = preSolution
		HideSolutionNode = FALSE
	EndGlobalSection
	GlobalSection(NestedProjects) = preSolution
		{372436A4-90ED-4C3C-A98A-8E2B583B186E} = {4C93D3D5-0734-4BB8-BA42-35981CCF9815}
		{6EC16DD3-0339-479D-BFFD-DA5D5FBA9C07} = {4C93D3D5-0734-4BB8-BA42-35981CCF9815}
		{700DFCC2-A262-42D0-AE88-00663F19C72B} = {4C93D3D5-0734-4BB8-BA42-35981CCF9815}
		{B00C6A66-0240-400B-B571-64F96251F6F9} = {3FFFC43A-2563-4A2B-AB5B-A3E12DDB930F}
		{274CE02E-8EA5-4127-A267-876CB68109E0} = {7AD9F1CC-408D-4958-8424-DC6FF1FA839B}
		{514150A8-BA57-4338-B8CD-7E799B677C3E} = {7AD9F1CC-408D-4958-8424-DC6FF1FA839B}
	EndGlobalSection
	GlobalSection(ExtensibilityGlobals) = postSolution
		SolutionGuid = {C5AD5A7F-9161-4C17-AE10-6ABC9BE1FC96}
	EndGlobalSection
EndGlobal
